// !$*UTF8*$!
{
	archiveVersion = 1;
	classes = {
	};
	objectVersion = 55;
	objects = {

/* Begin PBXBuildFile section */
		630BD1922892C4AC00C9BEAC /* Tests_iOS.swift in Sources */ = {isa = PBXBuildFile; fileRef = 630BD1912892C4AC00C9BEAC /* Tests_iOS.swift */; };
		630BD1942892C4AC00C9BEAC /* Tests_iOSLaunchTests.swift in Sources */ = {isa = PBXBuildFile; fileRef = 630BD1932892C4AC00C9BEAC /* Tests_iOSLaunchTests.swift */; };
		630BD19E2892C4AC00C9BEAC /* Tests_macOS.swift in Sources */ = {isa = PBXBuildFile; fileRef = 630BD19D2892C4AC00C9BEAC /* Tests_macOS.swift */; };
		630BD1A02892C4AC00C9BEAC /* Tests_macOSLaunchTests.swift in Sources */ = {isa = PBXBuildFile; fileRef = 630BD19F2892C4AC00C9BEAC /* Tests_macOSLaunchTests.swift */; };
		630BD1A22892C4AC00C9BEAC /* iARVisApp.swift in Sources */ = {isa = PBXBuildFile; fileRef = 630BD1792892C4A900C9BEAC /* iARVisApp.swift */; };
		630BD1A42892C4AC00C9BEAC /* ContentView.swift in Sources */ = {isa = PBXBuildFile; fileRef = 630BD17A2892C4A900C9BEAC /* ContentView.swift */; };
		630BD1A52892C4AC00C9BEAC /* Assets.xcassets in Resources */ = {isa = PBXBuildFile; fileRef = 630BD17B2892C4AC00C9BEAC /* Assets.xcassets */; };
		630BD1A62892C4AC00C9BEAC /* Assets.xcassets in Resources */ = {isa = PBXBuildFile; fileRef = 630BD17B2892C4AC00C9BEAC /* Assets.xcassets */; };
		635F52612896769700FF40B6 /* DebugCommon.swift in Sources */ = {isa = PBXBuildFile; fileRef = 635F52602896769700FF40B6 /* DebugCommon.swift */; };
		635F52632896775300FF40B6 /* models.scnassets in Resources */ = {isa = PBXBuildFile; fileRef = 635F52622896775300FF40B6 /* models.scnassets */; };
		635F526628967BE600FF40B6 /* SnapKit in Frameworks */ = {isa = PBXBuildFile; productRef = 635F526528967BE600FF40B6 /* SnapKit */; };
		635F526B2896AA4100FF40B6 /* Debug.swift in Sources */ = {isa = PBXBuildFile; fileRef = 635F526A2896AA4100FF40B6 /* Debug.swift */; };
		635F526F2896B29A00FF40B6 /* SceneKitUtils.swift in Sources */ = {isa = PBXBuildFile; fileRef = 635F526E2896B29A00FF40B6 /* SceneKitUtils.swift */; };
		635F52722896D38600FF40B6 /* Kingfisher in Frameworks */ = {isa = PBXBuildFile; productRef = 635F52712896D38600FF40B6 /* Kingfisher */; };
		636EDDC028964FF100639195 /* ImageTrackingExample.swift in Sources */ = {isa = PBXBuildFile; fileRef = 636EDDBF28964FF100639195 /* ImageTrackingExample.swift */; };
		636EDDC22896542A00639195 /* ImageTrackingConfiguration.swift in Sources */ = {isa = PBXBuildFile; fileRef = 636EDDC12896542A00639195 /* ImageTrackingConfiguration.swift */; };
		636EDDC42896559F00639195 /* VisualizationConfiguration.swift in Sources */ = {isa = PBXBuildFile; fileRef = 636EDDC32896559F00639195 /* VisualizationConfiguration.swift */; };
		638DA98A2892C6030030D494 /* AppDelegate.swift in Sources */ = {isa = PBXBuildFile; fileRef = 638DA9892892C6030030D494 /* AppDelegate.swift */; };
		638DA98D2892C63D0030D494 /* ARKitViewController.swift in Sources */ = {isa = PBXBuildFile; fileRef = 638DA98C2892C63D0030D494 /* ARKitViewController.swift */; };
		638DA98F2892CA490030D494 /* ARKitViewController+ARSessionDelegate.swift in Sources */ = {isa = PBXBuildFile; fileRef = 638DA98E2892CA490030D494 /* ARKitViewController+ARSessionDelegate.swift */; };
		63AE065C2896DAF80061404E /* VisualizationContext.swift in Sources */ = {isa = PBXBuildFile; fileRef = 63AE065B2896DAF80061404E /* VisualizationContext.swift */; };
		63AE06602896DDCE0061404E /* ImageDownloader.swift in Sources */ = {isa = PBXBuildFile; fileRef = 63AE065F2896DDCE0061404E /* ImageDownloader.swift */; };
/* End PBXBuildFile section */

/* Begin PBXContainerItemProxy section */
		630BD18E2892C4AC00C9BEAC /* PBXContainerItemProxy */ = {
			isa = PBXContainerItemProxy;
			containerPortal = 630BD1742892C4A900C9BEAC /* Project object */;
			proxyType = 1;
			remoteGlobalIDString = 630BD17F2892C4AC00C9BEAC;
			remoteInfo = "iARVis (iOS)";
		};
		630BD19A2892C4AC00C9BEAC /* PBXContainerItemProxy */ = {
			isa = PBXContainerItemProxy;
			containerPortal = 630BD1742892C4A900C9BEAC /* Project object */;
			proxyType = 1;
			remoteGlobalIDString = 630BD1852892C4AC00C9BEAC;
			remoteInfo = "iARVis (macOS)";
		};
/* End PBXContainerItemProxy section */

/* Begin PBXFileReference section */
		630BD1792892C4A900C9BEAC /* iARVisApp.swift */ = {isa = PBXFileReference; lastKnownFileType = sourcecode.swift; path = iARVisApp.swift; sourceTree = "<group>"; };
		630BD17A2892C4A900C9BEAC /* ContentView.swift */ = {isa = PBXFileReference; lastKnownFileType = sourcecode.swift; path = ContentView.swift; sourceTree = "<group>"; };
		630BD17B2892C4AC00C9BEAC /* Assets.xcassets */ = {isa = PBXFileReference; lastKnownFileType = folder.assetcatalog; path = Assets.xcassets; sourceTree = "<group>"; };
		630BD1802892C4AC00C9BEAC /* iARVis.app */ = {isa = PBXFileReference; explicitFileType = wrapper.application; includeInIndex = 0; path = iARVis.app; sourceTree = BUILT_PRODUCTS_DIR; };
		630BD1862892C4AC00C9BEAC /* iARVis.app */ = {isa = PBXFileReference; explicitFileType = wrapper.application; includeInIndex = 0; path = iARVis.app; sourceTree = BUILT_PRODUCTS_DIR; };
		630BD1882892C4AC00C9BEAC /* macOS.entitlements */ = {isa = PBXFileReference; lastKnownFileType = text.plist.entitlements; path = macOS.entitlements; sourceTree = "<group>"; };
		630BD18D2892C4AC00C9BEAC /* Tests iOS.xctest */ = {isa = PBXFileReference; explicitFileType = wrapper.cfbundle; includeInIndex = 0; path = "Tests iOS.xctest"; sourceTree = BUILT_PRODUCTS_DIR; };
		630BD1912892C4AC00C9BEAC /* Tests_iOS.swift */ = {isa = PBXFileReference; lastKnownFileType = sourcecode.swift; path = Tests_iOS.swift; sourceTree = "<group>"; };
		630BD1932892C4AC00C9BEAC /* Tests_iOSLaunchTests.swift */ = {isa = PBXFileReference; lastKnownFileType = sourcecode.swift; path = Tests_iOSLaunchTests.swift; sourceTree = "<group>"; };
		630BD1992892C4AC00C9BEAC /* Tests macOS.xctest */ = {isa = PBXFileReference; explicitFileType = wrapper.cfbundle; includeInIndex = 0; path = "Tests macOS.xctest"; sourceTree = BUILT_PRODUCTS_DIR; };
		630BD19D2892C4AC00C9BEAC /* Tests_macOS.swift */ = {isa = PBXFileReference; lastKnownFileType = sourcecode.swift; path = Tests_macOS.swift; sourceTree = "<group>"; };
		630BD19F2892C4AC00C9BEAC /* Tests_macOSLaunchTests.swift */ = {isa = PBXFileReference; lastKnownFileType = sourcecode.swift; path = Tests_macOSLaunchTests.swift; sourceTree = "<group>"; };
		635F52602896769700FF40B6 /* DebugCommon.swift */ = {isa = PBXFileReference; lastKnownFileType = sourcecode.swift; path = DebugCommon.swift; sourceTree = "<group>"; };
		635F52622896775300FF40B6 /* models.scnassets */ = {isa = PBXFileReference; lastKnownFileType = wrapper.scnassets; path = models.scnassets; sourceTree = "<group>"; };
		635F526A2896AA4100FF40B6 /* Debug.swift */ = {isa = PBXFileReference; lastKnownFileType = sourcecode.swift; path = Debug.swift; sourceTree = "<group>"; };
		635F526E2896B29A00FF40B6 /* SceneKitUtils.swift */ = {isa = PBXFileReference; lastKnownFileType = sourcecode.swift; path = SceneKitUtils.swift; sourceTree = "<group>"; };
		636EDDBF28964FF100639195 /* ImageTrackingExample.swift */ = {isa = PBXFileReference; lastKnownFileType = sourcecode.swift; path = ImageTrackingExample.swift; sourceTree = "<group>"; };
		636EDDC12896542A00639195 /* ImageTrackingConfiguration.swift */ = {isa = PBXFileReference; lastKnownFileType = sourcecode.swift; path = ImageTrackingConfiguration.swift; sourceTree = "<group>"; };
		636EDDC32896559F00639195 /* VisualizationConfiguration.swift */ = {isa = PBXFileReference; lastKnownFileType = sourcecode.swift; path = VisualizationConfiguration.swift; sourceTree = "<group>"; };
		638DA9882892C6030030D494 /* iARVis (iOS)-Bridging-Header.h */ = {isa = PBXFileReference; lastKnownFileType = sourcecode.c.h; path = "iARVis (iOS)-Bridging-Header.h"; sourceTree = "<group>"; };
		638DA9892892C6030030D494 /* AppDelegate.swift */ = {isa = PBXFileReference; lastKnownFileType = sourcecode.swift; path = AppDelegate.swift; sourceTree = "<group>"; };
		638DA98C2892C63D0030D494 /* ARKitViewController.swift */ = {isa = PBXFileReference; lastKnownFileType = sourcecode.swift; path = ARKitViewController.swift; sourceTree = "<group>"; };
		638DA98E2892CA490030D494 /* ARKitViewController+ARSessionDelegate.swift */ = {isa = PBXFileReference; lastKnownFileType = sourcecode.swift; path = "ARKitViewController+ARSessionDelegate.swift"; sourceTree = "<group>"; };
		63AE065B2896DAF80061404E /* VisualizationContext.swift */ = {isa = PBXFileReference; lastKnownFileType = sourcecode.swift; path = VisualizationContext.swift; sourceTree = "<group>"; };
		63AE065F2896DDCE0061404E /* ImageDownloader.swift */ = {isa = PBXFileReference; lastKnownFileType = sourcecode.swift; path = ImageDownloader.swift; sourceTree = "<group>"; };
/* End PBXFileReference section */

/* Begin PBXFrameworksBuildPhase section */
		630BD17D2892C4AC00C9BEAC /* Frameworks */ = {
			isa = PBXFrameworksBuildPhase;
			buildActionMask = 2147483647;
			files = (
				635F52722896D38600FF40B6 /* Kingfisher in Frameworks */,
				635F526628967BE600FF40B6 /* SnapKit in Frameworks */,
			);
			runOnlyForDeploymentPostprocessing = 0;
		};
		630BD1832892C4AC00C9BEAC /* Frameworks */ = {
			isa = PBXFrameworksBuildPhase;
			buildActionMask = 2147483647;
			files = (
			);
			runOnlyForDeploymentPostprocessing = 0;
		};
		630BD18A2892C4AC00C9BEAC /* Frameworks */ = {
			isa = PBXFrameworksBuildPhase;
			buildActionMask = 2147483647;
			files = (
			);
			runOnlyForDeploymentPostprocessing = 0;
		};
		630BD1962892C4AC00C9BEAC /* Frameworks */ = {
			isa = PBXFrameworksBuildPhase;
			buildActionMask = 2147483647;
			files = (
			);
			runOnlyForDeploymentPostprocessing = 0;
		};
/* End PBXFrameworksBuildPhase section */

/* Begin PBXGroup section */
		630BD1732892C4A900C9BEAC = {
			isa = PBXGroup;
			children = (
				630BD1782892C4A900C9BEAC /* Shared */,
				638DA9862892C5BC0030D494 /* iOS */,
				630BD1872892C4AC00C9BEAC /* macOS */,
				630BD1812892C4AC00C9BEAC /* Products */,
				630BD1902892C4AC00C9BEAC /* Tests iOS */,
				630BD19C2892C4AC00C9BEAC /* Tests macOS */,
			);
			sourceTree = "<group>";
		};
		630BD1782892C4A900C9BEAC /* Shared */ = {
			isa = PBXGroup;
			children = (
				63AE065D2896DDC00061404E /* Utils */,
				635F52692896AA1900FF40B6 /* Debug */,
				630BD17B2892C4AC00C9BEAC /* Assets.xcassets */,
			);
			path = Shared;
			sourceTree = "<group>";
		};
		630BD1812892C4AC00C9BEAC /* Products */ = {
			isa = PBXGroup;
			children = (
				630BD1802892C4AC00C9BEAC /* iARVis.app */,
				630BD1862892C4AC00C9BEAC /* iARVis.app */,
				630BD18D2892C4AC00C9BEAC /* Tests iOS.xctest */,
				630BD1992892C4AC00C9BEAC /* Tests macOS.xctest */,
			);
			name = Products;
			sourceTree = "<group>";
		};
		630BD1872892C4AC00C9BEAC /* macOS */ = {
			isa = PBXGroup;
			children = (
				630BD1792892C4A900C9BEAC /* iARVisApp.swift */,
				630BD17A2892C4A900C9BEAC /* ContentView.swift */,
				630BD1882892C4AC00C9BEAC /* macOS.entitlements */,
			);
			path = macOS;
			sourceTree = "<group>";
		};
		630BD1902892C4AC00C9BEAC /* Tests iOS */ = {
			isa = PBXGroup;
			children = (
				630BD1912892C4AC00C9BEAC /* Tests_iOS.swift */,
				630BD1932892C4AC00C9BEAC /* Tests_iOSLaunchTests.swift */,
			);
			path = "Tests iOS";
			sourceTree = "<group>";
		};
		630BD19C2892C4AC00C9BEAC /* Tests macOS */ = {
			isa = PBXGroup;
			children = (
				630BD19D2892C4AC00C9BEAC /* Tests_macOS.swift */,
				630BD19F2892C4AC00C9BEAC /* Tests_macOSLaunchTests.swift */,
			);
			path = "Tests macOS";
			sourceTree = "<group>";
		};
		635F526828967C7100FF40B6 /* Debug */ = {
			isa = PBXGroup;
			children = (
				635F52602896769700FF40B6 /* DebugCommon.swift */,
				635F52622896775300FF40B6 /* models.scnassets */,
			);
			path = Debug;
			sourceTree = "<group>";
		};
		635F52692896AA1900FF40B6 /* Debug */ = {
			isa = PBXGroup;
			children = (
				635F526A2896AA4100FF40B6 /* Debug.swift */,
			);
			path = Debug;
			sourceTree = "<group>";
		};
		635F526C2896B28300FF40B6 /* Utils */ = {
			isa = PBXGroup;
			children = (
				635F526D2896B29100FF40B6 /* SceneKit */,
				635F526828967C7100FF40B6 /* Debug */,
			);
			path = Utils;
			sourceTree = "<group>";
		};
		635F526D2896B29100FF40B6 /* SceneKit */ = {
			isa = PBXGroup;
			children = (
				635F526E2896B29A00FF40B6 /* SceneKitUtils.swift */,
			);
			path = SceneKit;
			sourceTree = "<group>";
		};
		636EDDBB28964FC200639195 /* Image Tracking */ = {
			isa = PBXGroup;
			children = (
				636EDDBC28964FC700639195 /* Help */,
				636EDDC12896542A00639195 /* ImageTrackingConfiguration.swift */,
			);
			path = "Image Tracking";
			sourceTree = "<group>";
		};
		636EDDBC28964FC700639195 /* Help */ = {
			isa = PBXGroup;
			children = (
				636EDDBF28964FF100639195 /* ImageTrackingExample.swift */,
			);
			path = Help;
			sourceTree = "<group>";
		};
		638DA9862892C5BC0030D494 /* iOS */ = {
			isa = PBXGroup;
			children = (
				638DA9882892C6030030D494 /* iARVis (iOS)-Bridging-Header.h */,
				638DA9892892C6030030D494 /* AppDelegate.swift */,
				638DA98B2892C62C0030D494 /* ARKit */,
			);
			path = iOS;
			sourceTree = "<group>";
		};
		638DA98B2892C62C0030D494 /* ARKit */ = {
			isa = PBXGroup;
			children = (
				63AE065A2896DAE90061404E /* Visualization Context */,
				635F526C2896B28300FF40B6 /* Utils */,
				636EDDBB28964FC200639195 /* Image Tracking */,
				638DA98C2892C63D0030D494 /* ARKitViewController.swift */,
				638DA98E2892CA490030D494 /* ARKitViewController+ARSessionDelegate.swift */,
			);
			path = ARKit;
			sourceTree = "<group>";
		};
		63AE065A2896DAE90061404E /* Visualization Context */ = {
			isa = PBXGroup;
			children = (
				636EDDC32896559F00639195 /* VisualizationConfiguration.swift */,
				63AE065B2896DAF80061404E /* VisualizationContext.swift */,
			);
			path = "Visualization Context";
			sourceTree = "<group>";
		};
		63AE065D2896DDC00061404E /* Utils */ = {
			isa = PBXGroup;
			children = (
				63AE065E2896DDC40061404E /* Image Downloader */,
			);
			path = Utils;
			sourceTree = "<group>";
		};
		63AE065E2896DDC40061404E /* Image Downloader */ = {
			isa = PBXGroup;
			children = (
				63AE065F2896DDCE0061404E /* ImageDownloader.swift */,
			);
			path = "Image Downloader";
			sourceTree = "<group>";
		};
/* End PBXGroup section */

/* Begin PBXNativeTarget section */
		630BD17F2892C4AC00C9BEAC /* iARVis (iOS) */ = {
			isa = PBXNativeTarget;
			buildConfigurationList = 630BD1A92892C4AC00C9BEAC /* Build configuration list for PBXNativeTarget "iARVis (iOS)" */;
			buildPhases = (
				630BD17C2892C4AC00C9BEAC /* Sources */,
				630BD17D2892C4AC00C9BEAC /* Frameworks */,
				630BD17E2892C4AC00C9BEAC /* Resources */,
			);
			buildRules = (
			);
			dependencies = (
			);
			name = "iARVis (iOS)";
			packageProductDependencies = (
				635F526528967BE600FF40B6 /* SnapKit */,
				635F52712896D38600FF40B6 /* Kingfisher */,
			);
			productName = "iARVis (iOS)";
			productReference = 630BD1802892C4AC00C9BEAC /* iARVis.app */;
			productType = "com.apple.product-type.application";
		};
		630BD1852892C4AC00C9BEAC /* iARVis (macOS) */ = {
			isa = PBXNativeTarget;
			buildConfigurationList = 630BD1AC2892C4AC00C9BEAC /* Build configuration list for PBXNativeTarget "iARVis (macOS)" */;
			buildPhases = (
				630BD1822892C4AC00C9BEAC /* Sources */,
				630BD1832892C4AC00C9BEAC /* Frameworks */,
				630BD1842892C4AC00C9BEAC /* Resources */,
			);
			buildRules = (
			);
			dependencies = (
			);
			name = "iARVis (macOS)";
			productName = "iARVis (macOS)";
			productReference = 630BD1862892C4AC00C9BEAC /* iARVis.app */;
			productType = "com.apple.product-type.application";
		};
		630BD18C2892C4AC00C9BEAC /* Tests iOS */ = {
			isa = PBXNativeTarget;
			buildConfigurationList = 630BD1AF2892C4AC00C9BEAC /* Build configuration list for PBXNativeTarget "Tests iOS" */;
			buildPhases = (
				630BD1892892C4AC00C9BEAC /* Sources */,
				630BD18A2892C4AC00C9BEAC /* Frameworks */,
				630BD18B2892C4AC00C9BEAC /* Resources */,
			);
			buildRules = (
			);
			dependencies = (
				630BD18F2892C4AC00C9BEAC /* PBXTargetDependency */,
			);
			name = "Tests iOS";
			productName = "Tests iOS";
			productReference = 630BD18D2892C4AC00C9BEAC /* Tests iOS.xctest */;
			productType = "com.apple.product-type.bundle.ui-testing";
		};
		630BD1982892C4AC00C9BEAC /* Tests macOS */ = {
			isa = PBXNativeTarget;
			buildConfigurationList = 630BD1B22892C4AC00C9BEAC /* Build configuration list for PBXNativeTarget "Tests macOS" */;
			buildPhases = (
				630BD1952892C4AC00C9BEAC /* Sources */,
				630BD1962892C4AC00C9BEAC /* Frameworks */,
				630BD1972892C4AC00C9BEAC /* Resources */,
			);
			buildRules = (
			);
			dependencies = (
				630BD19B2892C4AC00C9BEAC /* PBXTargetDependency */,
			);
			name = "Tests macOS";
			productName = "Tests macOS";
			productReference = 630BD1992892C4AC00C9BEAC /* Tests macOS.xctest */;
			productType = "com.apple.product-type.bundle.ui-testing";
		};
/* End PBXNativeTarget section */

/* Begin PBXProject section */
		630BD1742892C4A900C9BEAC /* Project object */ = {
			isa = PBXProject;
			attributes = {
				BuildIndependentTargetsInParallel = 1;
				LastSwiftUpdateCheck = 1340;
				LastUpgradeCheck = 1340;
				TargetAttributes = {
					630BD17F2892C4AC00C9BEAC = {
						CreatedOnToolsVersion = 13.4.1;
						LastSwiftMigration = 1400;
					};
					630BD1852892C4AC00C9BEAC = {
						CreatedOnToolsVersion = 13.4.1;
					};
					630BD18C2892C4AC00C9BEAC = {
						CreatedOnToolsVersion = 13.4.1;
						TestTargetID = 630BD17F2892C4AC00C9BEAC;
					};
					630BD1982892C4AC00C9BEAC = {
						CreatedOnToolsVersion = 13.4.1;
						TestTargetID = 630BD1852892C4AC00C9BEAC;
					};
				};
			};
			buildConfigurationList = 630BD1772892C4A900C9BEAC /* Build configuration list for PBXProject "iARVis" */;
			compatibilityVersion = "Xcode 13.0";
			developmentRegion = en;
			hasScannedForEncodings = 0;
			knownRegions = (
				en,
				Base,
			);
			mainGroup = 630BD1732892C4A900C9BEAC;
			packageReferences = (
				635F526428967BE600FF40B6 /* XCRemoteSwiftPackageReference "SnapKit" */,
				635F52702896D38600FF40B6 /* XCRemoteSwiftPackageReference "Kingfisher" */,
			);
			productRefGroup = 630BD1812892C4AC00C9BEAC /* Products */;
			projectDirPath = "";
			projectRoot = "";
			targets = (
				630BD17F2892C4AC00C9BEAC /* iARVis (iOS) */,
				630BD1852892C4AC00C9BEAC /* iARVis (macOS) */,
				630BD18C2892C4AC00C9BEAC /* Tests iOS */,
				630BD1982892C4AC00C9BEAC /* Tests macOS */,
			);
		};
/* End PBXProject section */

/* Begin PBXResourcesBuildPhase section */
		630BD17E2892C4AC00C9BEAC /* Resources */ = {
			isa = PBXResourcesBuildPhase;
			buildActionMask = 2147483647;
			files = (
				630BD1A52892C4AC00C9BEAC /* Assets.xcassets in Resources */,
				635F52632896775300FF40B6 /* models.scnassets in Resources */,
			);
			runOnlyForDeploymentPostprocessing = 0;
		};
		630BD1842892C4AC00C9BEAC /* Resources */ = {
			isa = PBXResourcesBuildPhase;
			buildActionMask = 2147483647;
			files = (
				630BD1A62892C4AC00C9BEAC /* Assets.xcassets in Resources */,
			);
			runOnlyForDeploymentPostprocessing = 0;
		};
		630BD18B2892C4AC00C9BEAC /* Resources */ = {
			isa = PBXResourcesBuildPhase;
			buildActionMask = 2147483647;
			files = (
			);
			runOnlyForDeploymentPostprocessing = 0;
		};
		630BD1972892C4AC00C9BEAC /* Resources */ = {
			isa = PBXResourcesBuildPhase;
			buildActionMask = 2147483647;
			files = (
			);
			runOnlyForDeploymentPostprocessing = 0;
		};
/* End PBXResourcesBuildPhase section */

/* Begin PBXSourcesBuildPhase section */
		630BD17C2892C4AC00C9BEAC /* Sources */ = {
			isa = PBXSourcesBuildPhase;
			buildActionMask = 2147483647;
			files = (
				635F526F2896B29A00FF40B6 /* SceneKitUtils.swift in Sources */,
				638DA98D2892C63D0030D494 /* ARKitViewController.swift in Sources */,
				63AE065C2896DAF80061404E /* VisualizationContext.swift in Sources */,
				635F52612896769700FF40B6 /* DebugCommon.swift in Sources */,
				638DA98F2892CA490030D494 /* ARKitViewController+ARSessionDelegate.swift in Sources */,
				636EDDC42896559F00639195 /* VisualizationConfiguration.swift in Sources */,
				63AE06602896DDCE0061404E /* ImageDownloader.swift in Sources */,
				636EDDC22896542A00639195 /* ImageTrackingConfiguration.swift in Sources */,
				635F526B2896AA4100FF40B6 /* Debug.swift in Sources */,
				638DA98A2892C6030030D494 /* AppDelegate.swift in Sources */,
				636EDDC028964FF100639195 /* ImageTrackingExample.swift in Sources */,
			);
			runOnlyForDeploymentPostprocessing = 0;
		};
		630BD1822892C4AC00C9BEAC /* Sources */ = {
			isa = PBXSourcesBuildPhase;
			buildActionMask = 2147483647;
			files = (
				630BD1A42892C4AC00C9BEAC /* ContentView.swift in Sources */,
				630BD1A22892C4AC00C9BEAC /* iARVisApp.swift in Sources */,
			);
			runOnlyForDeploymentPostprocessing = 0;
		};
		630BD1892892C4AC00C9BEAC /* Sources */ = {
			isa = PBXSourcesBuildPhase;
			buildActionMask = 2147483647;
			files = (
				630BD1942892C4AC00C9BEAC /* Tests_iOSLaunchTests.swift in Sources */,
				630BD1922892C4AC00C9BEAC /* Tests_iOS.swift in Sources */,
			);
			runOnlyForDeploymentPostprocessing = 0;
		};
		630BD1952892C4AC00C9BEAC /* Sources */ = {
			isa = PBXSourcesBuildPhase;
			buildActionMask = 2147483647;
			files = (
				630BD1A02892C4AC00C9BEAC /* Tests_macOSLaunchTests.swift in Sources */,
				630BD19E2892C4AC00C9BEAC /* Tests_macOS.swift in Sources */,
			);
			runOnlyForDeploymentPostprocessing = 0;
		};
/* End PBXSourcesBuildPhase section */

/* Begin PBXTargetDependency section */
		630BD18F2892C4AC00C9BEAC /* PBXTargetDependency */ = {
			isa = PBXTargetDependency;
			target = 630BD17F2892C4AC00C9BEAC /* iARVis (iOS) */;
			targetProxy = 630BD18E2892C4AC00C9BEAC /* PBXContainerItemProxy */;
		};
		630BD19B2892C4AC00C9BEAC /* PBXTargetDependency */ = {
			isa = PBXTargetDependency;
			target = 630BD1852892C4AC00C9BEAC /* iARVis (macOS) */;
			targetProxy = 630BD19A2892C4AC00C9BEAC /* PBXContainerItemProxy */;
		};
/* End PBXTargetDependency section */

/* Begin XCBuildConfiguration section */
		630BD1A72892C4AC00C9BEAC /* Debug */ = {
			isa = XCBuildConfiguration;
			buildSettings = {
				ALWAYS_SEARCH_USER_PATHS = NO;
				CLANG_ANALYZER_NONNULL = YES;
				CLANG_ANALYZER_NUMBER_OBJECT_CONVERSION = YES_AGGRESSIVE;
				CLANG_CXX_LANGUAGE_STANDARD = "gnu++17";
				CLANG_ENABLE_MODULES = YES;
				CLANG_ENABLE_OBJC_ARC = YES;
				CLANG_ENABLE_OBJC_WEAK = YES;
				CLANG_WARN_BLOCK_CAPTURE_AUTORELEASING = YES;
				CLANG_WARN_BOOL_CONVERSION = YES;
				CLANG_WARN_COMMA = YES;
				CLANG_WARN_CONSTANT_CONVERSION = YES;
				CLANG_WARN_DEPRECATED_OBJC_IMPLEMENTATIONS = YES;
				CLANG_WARN_DIRECT_OBJC_ISA_USAGE = YES_ERROR;
				CLANG_WARN_DOCUMENTATION_COMMENTS = YES;
				CLANG_WARN_EMPTY_BODY = YES;
				CLANG_WARN_ENUM_CONVERSION = YES;
				CLANG_WARN_INFINITE_RECURSION = YES;
				CLANG_WARN_INT_CONVERSION = YES;
				CLANG_WARN_NON_LITERAL_NULL_CONVERSION = YES;
				CLANG_WARN_OBJC_IMPLICIT_RETAIN_SELF = YES;
				CLANG_WARN_OBJC_LITERAL_CONVERSION = YES;
				CLANG_WARN_OBJC_ROOT_CLASS = YES_ERROR;
				CLANG_WARN_QUOTED_INCLUDE_IN_FRAMEWORK_HEADER = YES;
				CLANG_WARN_RANGE_LOOP_ANALYSIS = YES;
				CLANG_WARN_STRICT_PROTOTYPES = YES;
				CLANG_WARN_SUSPICIOUS_MOVE = YES;
				CLANG_WARN_UNGUARDED_AVAILABILITY = YES_AGGRESSIVE;
				CLANG_WARN_UNREACHABLE_CODE = YES;
				CLANG_WARN__DUPLICATE_METHOD_MATCH = YES;
				COPY_PHASE_STRIP = NO;
				DEBUG_INFORMATION_FORMAT = dwarf;
				ENABLE_STRICT_OBJC_MSGSEND = YES;
				ENABLE_TESTABILITY = YES;
				GCC_C_LANGUAGE_STANDARD = gnu11;
				GCC_DYNAMIC_NO_PIC = NO;
				GCC_NO_COMMON_BLOCKS = YES;
				GCC_OPTIMIZATION_LEVEL = 0;
				GCC_PREPROCESSOR_DEFINITIONS = (
					"DEBUG=1",
					"$(inherited)",
				);
				GCC_WARN_64_TO_32_BIT_CONVERSION = YES;
				GCC_WARN_ABOUT_RETURN_TYPE = YES_ERROR;
				GCC_WARN_UNDECLARED_SELECTOR = YES;
				GCC_WARN_UNINITIALIZED_AUTOS = YES_AGGRESSIVE;
				GCC_WARN_UNUSED_FUNCTION = YES;
				GCC_WARN_UNUSED_VARIABLE = YES;
				MTL_ENABLE_DEBUG_INFO = INCLUDE_SOURCE;
				MTL_FAST_MATH = YES;
				ONLY_ACTIVE_ARCH = YES;
				SWIFT_ACTIVE_COMPILATION_CONDITIONS = DEBUG;
				SWIFT_OPTIMIZATION_LEVEL = "-Onone";
			};
			name = Debug;
		};
		630BD1A82892C4AC00C9BEAC /* Release */ = {
			isa = XCBuildConfiguration;
			buildSettings = {
				ALWAYS_SEARCH_USER_PATHS = NO;
				CLANG_ANALYZER_NONNULL = YES;
				CLANG_ANALYZER_NUMBER_OBJECT_CONVERSION = YES_AGGRESSIVE;
				CLANG_CXX_LANGUAGE_STANDARD = "gnu++17";
				CLANG_ENABLE_MODULES = YES;
				CLANG_ENABLE_OBJC_ARC = YES;
				CLANG_ENABLE_OBJC_WEAK = YES;
				CLANG_WARN_BLOCK_CAPTURE_AUTORELEASING = YES;
				CLANG_WARN_BOOL_CONVERSION = YES;
				CLANG_WARN_COMMA = YES;
				CLANG_WARN_CONSTANT_CONVERSION = YES;
				CLANG_WARN_DEPRECATED_OBJC_IMPLEMENTATIONS = YES;
				CLANG_WARN_DIRECT_OBJC_ISA_USAGE = YES_ERROR;
				CLANG_WARN_DOCUMENTATION_COMMENTS = YES;
				CLANG_WARN_EMPTY_BODY = YES;
				CLANG_WARN_ENUM_CONVERSION = YES;
				CLANG_WARN_INFINITE_RECURSION = YES;
				CLANG_WARN_INT_CONVERSION = YES;
				CLANG_WARN_NON_LITERAL_NULL_CONVERSION = YES;
				CLANG_WARN_OBJC_IMPLICIT_RETAIN_SELF = YES;
				CLANG_WARN_OBJC_LITERAL_CONVERSION = YES;
				CLANG_WARN_OBJC_ROOT_CLASS = YES_ERROR;
				CLANG_WARN_QUOTED_INCLUDE_IN_FRAMEWORK_HEADER = YES;
				CLANG_WARN_RANGE_LOOP_ANALYSIS = YES;
				CLANG_WARN_STRICT_PROTOTYPES = YES;
				CLANG_WARN_SUSPICIOUS_MOVE = YES;
				CLANG_WARN_UNGUARDED_AVAILABILITY = YES_AGGRESSIVE;
				CLANG_WARN_UNREACHABLE_CODE = YES;
				CLANG_WARN__DUPLICATE_METHOD_MATCH = YES;
				COPY_PHASE_STRIP = NO;
				DEBUG_INFORMATION_FORMAT = "dwarf-with-dsym";
				ENABLE_NS_ASSERTIONS = NO;
				ENABLE_STRICT_OBJC_MSGSEND = YES;
				GCC_C_LANGUAGE_STANDARD = gnu11;
				GCC_NO_COMMON_BLOCKS = YES;
				GCC_WARN_64_TO_32_BIT_CONVERSION = YES;
				GCC_WARN_ABOUT_RETURN_TYPE = YES_ERROR;
				GCC_WARN_UNDECLARED_SELECTOR = YES;
				GCC_WARN_UNINITIALIZED_AUTOS = YES_AGGRESSIVE;
				GCC_WARN_UNUSED_FUNCTION = YES;
				GCC_WARN_UNUSED_VARIABLE = YES;
				MTL_ENABLE_DEBUG_INFO = NO;
				MTL_FAST_MATH = YES;
				SWIFT_COMPILATION_MODE = wholemodule;
				SWIFT_OPTIMIZATION_LEVEL = "-O";
			};
			name = Release;
		};
		630BD1AA2892C4AC00C9BEAC /* Debug */ = {
			isa = XCBuildConfiguration;
			buildSettings = {
				ASSETCATALOG_COMPILER_APPICON_NAME = AppIcon;
				ASSETCATALOG_COMPILER_GLOBAL_ACCENT_COLOR_NAME = AccentColor;
				CLANG_ENABLE_MODULES = YES;
				CODE_SIGN_STYLE = Automatic;
				CURRENT_PROJECT_VERSION = 1;
				DEVELOPMENT_TEAM = XKUVHTJ3W8;
				ENABLE_PREVIEWS = YES;
				GENERATE_INFOPLIST_FILE = YES;
				INFOPLIST_KEY_NSCameraUsageDescription = "$(PRODUCT_NAME) wants to use your camera to enable ARKit.";
				INFOPLIST_KEY_UIApplicationSupportsIndirectInputEvents = YES;
				INFOPLIST_KEY_UILaunchScreen_Generation = YES;
				INFOPLIST_KEY_UISupportedInterfaceOrientations_iPad = "UIInterfaceOrientationPortrait UIInterfaceOrientationPortraitUpsideDown UIInterfaceOrientationLandscapeLeft UIInterfaceOrientationLandscapeRight";
				INFOPLIST_KEY_UISupportedInterfaceOrientations_iPhone = "UIInterfaceOrientationPortrait UIInterfaceOrientationLandscapeLeft UIInterfaceOrientationLandscapeRight";
				IPHONEOS_DEPLOYMENT_TARGET = 15.0;
				LD_RUNPATH_SEARCH_PATHS = (
					"$(inherited)",
					"@executable_path/Frameworks",
				);
				MARKETING_VERSION = 1.0;
				PRODUCT_BUNDLE_IDENTIFIER = me.jjaychen.iARVis;
				PRODUCT_NAME = iARVis;
				SDKROOT = iphoneos;
				SUPPORTED_PLATFORMS = "iphoneos iphonesimulator";
				SUPPORTS_MACCATALYST = NO;
				SUPPORTS_MAC_DESIGNED_FOR_IPHONE_IPAD = NO;
				SWIFT_EMIT_LOC_STRINGS = YES;
				SWIFT_OBJC_BRIDGING_HEADER = "iOS/iARVis (iOS)-Bridging-Header.h";
				SWIFT_OPTIMIZATION_LEVEL = "-Onone";
				SWIFT_VERSION = 5.0;
				TARGETED_DEVICE_FAMILY = "1,2";
			};
			name = Debug;
		};
		630BD1AB2892C4AC00C9BEAC /* Release */ = {
			isa = XCBuildConfiguration;
			buildSettings = {
				ASSETCATALOG_COMPILER_APPICON_NAME = AppIcon;
				ASSETCATALOG_COMPILER_GLOBAL_ACCENT_COLOR_NAME = AccentColor;
				CLANG_ENABLE_MODULES = YES;
				CODE_SIGN_STYLE = Automatic;
				CURRENT_PROJECT_VERSION = 1;
				DEVELOPMENT_TEAM = XKUVHTJ3W8;
				ENABLE_PREVIEWS = YES;
				GENERATE_INFOPLIST_FILE = YES;
				INFOPLIST_KEY_NSCameraUsageDescription = "$(PRODUCT_NAME) wants to use your camera to enable ARKit.";
				INFOPLIST_KEY_UIApplicationSupportsIndirectInputEvents = YES;
				INFOPLIST_KEY_UILaunchScreen_Generation = YES;
				INFOPLIST_KEY_UISupportedInterfaceOrientations_iPad = "UIInterfaceOrientationPortrait UIInterfaceOrientationPortraitUpsideDown UIInterfaceOrientationLandscapeLeft UIInterfaceOrientationLandscapeRight";
				INFOPLIST_KEY_UISupportedInterfaceOrientations_iPhone = "UIInterfaceOrientationPortrait UIInterfaceOrientationLandscapeLeft UIInterfaceOrientationLandscapeRight";
				IPHONEOS_DEPLOYMENT_TARGET = 15.0;
				LD_RUNPATH_SEARCH_PATHS = (
					"$(inherited)",
					"@executable_path/Frameworks",
				);
				MARKETING_VERSION = 1.0;
				PRODUCT_BUNDLE_IDENTIFIER = me.jjaychen.iARVis;
				PRODUCT_NAME = iARVis;
				SDKROOT = iphoneos;
				SUPPORTED_PLATFORMS = "iphoneos iphonesimulator";
				SUPPORTS_MACCATALYST = NO;
				SUPPORTS_MAC_DESIGNED_FOR_IPHONE_IPAD = NO;
				SWIFT_EMIT_LOC_STRINGS = YES;
				SWIFT_OBJC_BRIDGING_HEADER = "iOS/iARVis (iOS)-Bridging-Header.h";
				SWIFT_VERSION = 5.0;
				TARGETED_DEVICE_FAMILY = "1,2";
				VALIDATE_PRODUCT = YES;
			};
			name = Release;
		};
		630BD1AD2892C4AC00C9BEAC /* Debug */ = {
			isa = XCBuildConfiguration;
			buildSettings = {
				ASSETCATALOG_COMPILER_APPICON_NAME = AppIcon;
				ASSETCATALOG_COMPILER_GLOBAL_ACCENT_COLOR_NAME = AccentColor;
				CODE_SIGN_ENTITLEMENTS = macOS/macOS.entitlements;
				CODE_SIGN_STYLE = Automatic;
				COMBINE_HIDPI_IMAGES = YES;
				CURRENT_PROJECT_VERSION = 1;
				DEVELOPMENT_TEAM = XKUVHTJ3W8;
				ENABLE_HARDENED_RUNTIME = YES;
				ENABLE_PREVIEWS = YES;
				GENERATE_INFOPLIST_FILE = YES;
				INFOPLIST_KEY_NSHumanReadableCopyright = "";
				LD_RUNPATH_SEARCH_PATHS = (
					"$(inherited)",
					"@executable_path/../Frameworks",
				);
				MACOSX_DEPLOYMENT_TARGET = 12.0;
				MARKETING_VERSION = 1.0;
				PRODUCT_BUNDLE_IDENTIFIER = me.jjaychen.iARVis;
				PRODUCT_NAME = iARVis;
				SDKROOT = macosx;
				SWIFT_EMIT_LOC_STRINGS = YES;
				SWIFT_VERSION = 5.0;
			};
			name = Debug;
		};
		630BD1AE2892C4AC00C9BEAC /* Release */ = {
			isa = XCBuildConfiguration;
			buildSettings = {
				ASSETCATALOG_COMPILER_APPICON_NAME = AppIcon;
				ASSETCATALOG_COMPILER_GLOBAL_ACCENT_COLOR_NAME = AccentColor;
				CODE_SIGN_ENTITLEMENTS = macOS/macOS.entitlements;
				CODE_SIGN_STYLE = Automatic;
				COMBINE_HIDPI_IMAGES = YES;
				CURRENT_PROJECT_VERSION = 1;
				DEVELOPMENT_TEAM = XKUVHTJ3W8;
				ENABLE_HARDENED_RUNTIME = YES;
				ENABLE_PREVIEWS = YES;
				GENERATE_INFOPLIST_FILE = YES;
				INFOPLIST_KEY_NSHumanReadableCopyright = "";
				LD_RUNPATH_SEARCH_PATHS = (
					"$(inherited)",
					"@executable_path/../Frameworks",
				);
				MACOSX_DEPLOYMENT_TARGET = 12.0;
				MARKETING_VERSION = 1.0;
				PRODUCT_BUNDLE_IDENTIFIER = me.jjaychen.iARVis;
				PRODUCT_NAME = iARVis;
				SDKROOT = macosx;
				SWIFT_EMIT_LOC_STRINGS = YES;
				SWIFT_VERSION = 5.0;
			};
			name = Release;
		};
		630BD1B02892C4AC00C9BEAC /* Debug */ = {
			isa = XCBuildConfiguration;
			buildSettings = {
				ALWAYS_EMBED_SWIFT_STANDARD_LIBRARIES = YES;
				CODE_SIGN_STYLE = Automatic;
				CURRENT_PROJECT_VERSION = 1;
				DEVELOPMENT_TEAM = XKUVHTJ3W8;
				GENERATE_INFOPLIST_FILE = YES;
				IPHONEOS_DEPLOYMENT_TARGET = 15.5;
				MARKETING_VERSION = 1.0;
				PRODUCT_BUNDLE_IDENTIFIER = "me.jjaychen.Tests-iOS";
				PRODUCT_NAME = "$(TARGET_NAME)";
				SDKROOT = iphoneos;
				SWIFT_EMIT_LOC_STRINGS = NO;
				SWIFT_VERSION = 5.0;
				TARGETED_DEVICE_FAMILY = "1,2";
				TEST_TARGET_NAME = "iARVis (iOS)";
			};
			name = Debug;
		};
		630BD1B12892C4AC00C9BEAC /* Release */ = {
			isa = XCBuildConfiguration;
			buildSettings = {
				ALWAYS_EMBED_SWIFT_STANDARD_LIBRARIES = YES;
				CODE_SIGN_STYLE = Automatic;
				CURRENT_PROJECT_VERSION = 1;
				DEVELOPMENT_TEAM = XKUVHTJ3W8;
				GENERATE_INFOPLIST_FILE = YES;
				IPHONEOS_DEPLOYMENT_TARGET = 15.5;
				MARKETING_VERSION = 1.0;
				PRODUCT_BUNDLE_IDENTIFIER = "me.jjaychen.Tests-iOS";
				PRODUCT_NAME = "$(TARGET_NAME)";
				SDKROOT = iphoneos;
				SWIFT_EMIT_LOC_STRINGS = NO;
				SWIFT_VERSION = 5.0;
				TARGETED_DEVICE_FAMILY = "1,2";
				TEST_TARGET_NAME = "iARVis (iOS)";
				VALIDATE_PRODUCT = YES;
			};
			name = Release;
		};
		630BD1B32892C4AC00C9BEAC /* Debug */ = {
			isa = XCBuildConfiguration;
			buildSettings = {
				ALWAYS_EMBED_SWIFT_STANDARD_LIBRARIES = YES;
				CODE_SIGN_STYLE = Automatic;
				CURRENT_PROJECT_VERSION = 1;
				DEVELOPMENT_TEAM = XKUVHTJ3W8;
				GENERATE_INFOPLIST_FILE = YES;
				MACOSX_DEPLOYMENT_TARGET = 12.3;
				MARKETING_VERSION = 1.0;
				PRODUCT_BUNDLE_IDENTIFIER = "me.jjaychen.Tests-macOS";
				PRODUCT_NAME = "$(TARGET_NAME)";
				SDKROOT = macosx;
				SWIFT_EMIT_LOC_STRINGS = NO;
				SWIFT_VERSION = 5.0;
				TEST_TARGET_NAME = "iARVis (macOS)";
			};
			name = Debug;
		};
		630BD1B42892C4AC00C9BEAC /* Release */ = {
			isa = XCBuildConfiguration;
			buildSettings = {
				ALWAYS_EMBED_SWIFT_STANDARD_LIBRARIES = YES;
				CODE_SIGN_STYLE = Automatic;
				CURRENT_PROJECT_VERSION = 1;
				DEVELOPMENT_TEAM = XKUVHTJ3W8;
				GENERATE_INFOPLIST_FILE = YES;
				MACOSX_DEPLOYMENT_TARGET = 12.3;
				MARKETING_VERSION = 1.0;
				PRODUCT_BUNDLE_IDENTIFIER = "me.jjaychen.Tests-macOS";
				PRODUCT_NAME = "$(TARGET_NAME)";
				SDKROOT = macosx;
				SWIFT_EMIT_LOC_STRINGS = NO;
				SWIFT_VERSION = 5.0;
				TEST_TARGET_NAME = "iARVis (macOS)";
			};
			name = Release;
		};
/* End XCBuildConfiguration section */

/* Begin XCConfigurationList section */
		630BD1772892C4A900C9BEAC /* Build configuration list for PBXProject "iARVis" */ = {
			isa = XCConfigurationList;
			buildConfigurations = (
				630BD1A72892C4AC00C9BEAC /* Debug */,
				630BD1A82892C4AC00C9BEAC /* Release */,
			);
			defaultConfigurationIsVisible = 0;
			defaultConfigurationName = Release;
		};
		630BD1A92892C4AC00C9BEAC /* Build configuration list for PBXNativeTarget "iARVis (iOS)" */ = {
			isa = XCConfigurationList;
			buildConfigurations = (
				630BD1AA2892C4AC00C9BEAC /* Debug */,
				630BD1AB2892C4AC00C9BEAC /* Release */,
			);
			defaultConfigurationIsVisible = 0;
			defaultConfigurationName = Release;
		};
		630BD1AC2892C4AC00C9BEAC /* Build configuration list for PBXNativeTarget "iARVis (macOS)" */ = {
			isa = XCConfigurationList;
			buildConfigurations = (
				630BD1AD2892C4AC00C9BEAC /* Debug */,
				630BD1AE2892C4AC00C9BEAC /* Release */,
			);
			defaultConfigurationIsVisible = 0;
			defaultConfigurationName = Release;
		};
		630BD1AF2892C4AC00C9BEAC /* Build configuration list for PBXNativeTarget "Tests iOS" */ = {
			isa = XCConfigurationList;
			buildConfigurations = (
				630BD1B02892C4AC00C9BEAC /* Debug */,
				630BD1B12892C4AC00C9BEAC /* Release */,
			);
			defaultConfigurationIsVisible = 0;
			defaultConfigurationName = Release;
		};
		630BD1B22892C4AC00C9BEAC /* Build configuration list for PBXNativeTarget "Tests macOS" */ = {
			isa = XCConfigurationList;
			buildConfigurations = (
				630BD1B32892C4AC00C9BEAC /* Debug */,
				630BD1B42892C4AC00C9BEAC /* Release */,
			);
			defaultConfigurationIsVisible = 0;
			defaultConfigurationName = Release;
		};
/* End XCConfigurationList section */

/* Begin XCRemoteSwiftPackageReference section */
		635F526428967BE600FF40B6 /* XCRemoteSwiftPackageReference "SnapKit" */ = {
			isa = XCRemoteSwiftPackageReference;
			repositoryURL = "https://github.com/SnapKit/SnapKit.git";
			requirement = {
				kind = upToNextMajorVersion;
				minimumVersion = 5.0.0;
			};
		};
		635F52702896D38600FF40B6 /* XCRemoteSwiftPackageReference "Kingfisher" */ = {
			isa = XCRemoteSwiftPackageReference;
			repositoryURL = "https://github.com/onevcat/Kingfisher";
			requirement = {
				branch = master;
				kind = branch;
			};
		};
/* End XCRemoteSwiftPackageReference section */

/* Begin XCSwiftPackageProductDependency section */
		635F526528967BE600FF40B6 /* SnapKit */ = {
			isa = XCSwiftPackageProductDependency;
			package = 635F526428967BE600FF40B6 /* XCRemoteSwiftPackageReference "SnapKit" */;
			productName = SnapKit;
		};
		635F52712896D38600FF40B6 /* Kingfisher */ = {
			isa = XCSwiftPackageProductDependency;
			package = 635F52702896D38600FF40B6 /* XCRemoteSwiftPackageReference "Kingfisher" */;
			productName = Kingfisher;
		};
/* End XCSwiftPackageProductDependency section */
	};
	rootObject = 630BD1742892C4A900C9BEAC /* Project object */;
}
